
Microsoft Visual Studio Solution File, Format Version 12.00
# Visual Studio 14
VisualStudioVersion = 14.0.23107.0
MinimumVisualStudioVersion = 10.0.40219.1
Project("{FAE04EC0-301F-11D3-BF4B-00C04F79EFBC}") = "Tester", "ChromeWindowsApp\Tester.csproj", "{F5AD7C06-0076-4F2B-B670-2B980C0D07C8}"
EndProject
Project("{FAE04EC0-301F-11D3-BF4B-00C04F79EFBC}") = "SuspenderLib", "SuspenderLib\SuspenderLib.csproj", "{F6746C2E-A2F4-44B3-8569-71D134F35720}"
EndProject
Project("{FAE04EC0-301F-11D3-BF4B-00C04F79EFBC}") = "Killer", "Killer\Killer.csproj", "{E39452EA-7D1B-40E3-B0FF-F028A42FC308}"
EndProject
Project("{FAE04EC0-301F-11D3-BF4B-00C04F79EFBC}") = "HAMENAJESET", "Riddler2\HAMENAJESET.csproj", "{5E77D7CD-AD48-42E1-931A-2619EB4A10AF}"
EndProject
Project("{2150E333-8FDC-42A3-9474-1A3956D46DE8}") = "ProgramData", "ProgramData", "{030C3904-BAF1-4D93-B6C4-2DC4F3A5145A}"
EndProject
Project("{54435603-DBB4-11D2-8724-00A0C9A8B90C}") = "Setup2", "Setup2\Setup2.vdproj", "{5940F649-54E4-4CF1-9C05-9DAB25A9D007}"
EndProject
Project("{FAE04EC0-301F-11D3-BF4B-00C04F79EFBC}") = "AllowPermissions", "AllowPermissions\AllowPermissions.csproj", "{D39C4BE9-339B-4D78-BCF7-2F9646AC1AF1}"
EndProject
Project("{FAE04EC0-301F-11D3-BF4B-00C04F79EFBC}") = "Runner1", "Runner1\Runner1.csproj", "{E9E5ECD4-1B57-4084-923B-1A1F5F7FB181}"
EndProject
Global
	GlobalSection(SolutionConfigurationPlatforms) = preSolution
		CD_ROM|Any CPU = CD_ROM|Any CPU
		CD_ROM|Mixed Platforms = CD_ROM|Mixed Platforms
		CD_ROM|Win32 = CD_ROM|Win32
		CD_ROM|x86 = CD_ROM|x86
		Debug|Any CPU = Debug|Any CPU
		Debug|Mixed Platforms = Debug|Mixed Platforms
		Debug|Win32 = Debug|Win32
		Debug|x86 = Debug|x86
		DVD-5|Any CPU = DVD-5|Any CPU
		DVD-5|Mixed Platforms = DVD-5|Mixed Platforms
		DVD-5|Win32 = DVD-5|Win32
		DVD-5|x86 = DVD-5|x86
		Release|Any CPU = Release|Any CPU
		Release|Mixed Platforms = Release|Mixed Platforms
		Release|Win32 = Release|Win32
		Release|x86 = Release|x86
		SingleImage|Any CPU = SingleImage|Any CPU
		SingleImage|Mixed Platforms = SingleImage|Mixed Platforms
		SingleImage|Win32 = SingleImage|Win32
		SingleImage|x86 = SingleImage|x86
	EndGlobalSection
	GlobalSection(ProjectConfigurationPlatforms) = postSolution
		{F5AD7C06-0076-4F2B-B670-2B980C0D07C8}.CD_ROM|Any CPU.ActiveCfg = Release|x86
		{F5AD7C06-0076-4F2B-B670-2B980C0D07C8}.CD_ROM|Mixed Platforms.ActiveCfg = Release|x86
		{F5AD7C06-0076-4F2B-B670-2B980C0D07C8}.CD_ROM|Mixed Platforms.Build.0 = Release|x86
		{F5AD7C06-0076-4F2B-B670-2B980C0D07C8}.CD_ROM|Win32.ActiveCfg = Debug|x86
		{F5AD7C06-0076-4F2B-B670-2B980C0D07C8}.CD_ROM|Win32.Build.0 = Debug|x86
		{F5AD7C06-0076-4F2B-B670-2B980C0D07C8}.CD_ROM|x86.ActiveCfg = Release|x86
		{F5AD7C06-0076-4F2B-B670-2B980C0D07C8}.CD_ROM|x86.Build.0 = Release|x86
		{F5AD7C06-0076-4F2B-B670-2B980C0D07C8}.Debug|Any CPU.ActiveCfg = Debug|x86
		{F5AD7C06-0076-4F2B-B670-2B980C0D07C8}.Debug|Mixed Platforms.ActiveCfg = Debug|x86
		{F5AD7C06-0076-4F2B-B670-2B980C0D07C8}.Debug|Mixed Platforms.Build.0 = Debug|x86
		{F5AD7C06-0076-4F2B-B670-2B980C0D07C8}.Debug|Win32.ActiveCfg = Debug|x86
		{F5AD7C06-0076-4F2B-B670-2B980C0D07C8}.Debug|Win32.Build.0 = Debug|x86
		{F5AD7C06-0076-4F2B-B670-2B980C0D07C8}.Debug|x86.ActiveCfg = Debug|x86
		{F5AD7C06-0076-4F2B-B670-2B980C0D07C8}.Debug|x86.Build.0 = Debug|x86
		{F5AD7C06-0076-4F2B-B670-2B980C0D07C8}.DVD-5|Any CPU.ActiveCfg = Debug|x86
		{F5AD7C06-0076-4F2B-B670-2B980C0D07C8}.DVD-5|Mixed Platforms.ActiveCfg = Debug|x86
		{F5AD7C06-0076-4F2B-B670-2B980C0D07C8}.DVD-5|Mixed Platforms.Build.0 = Debug|x86
		{F5AD7C06-0076-4F2B-B670-2B980C0D07C8}.DVD-5|Win32.ActiveCfg = Debug|x86
		{F5AD7C06-0076-4F2B-B670-2B980C0D07C8}.DVD-5|Win32.Build.0 = Debug|x86
		{F5AD7C06-0076-4F2B-B670-2B980C0D07C8}.DVD-5|x86.ActiveCfg = Debug|x86
		{F5AD7C06-0076-4F2B-B670-2B980C0D07C8}.DVD-5|x86.Build.0 = Debug|x86
		{F5AD7C06-0076-4F2B-B670-2B980C0D07C8}.Release|Any CPU.ActiveCfg = Release|x86
		{F5AD7C06-0076-4F2B-B670-2B980C0D07C8}.Release|Mixed Platforms.ActiveCfg = Release|x86
		{F5AD7C06-0076-4F2B-B670-2B980C0D07C8}.Release|Mixed Platforms.Build.0 = Release|x86
		{F5AD7C06-0076-4F2B-B670-2B980C0D07C8}.Release|Win32.ActiveCfg = Release|x86
		{F5AD7C06-0076-4F2B-B670-2B980C0D07C8}.Release|Win32.Build.0 = Release|x86
		{F5AD7C06-0076-4F2B-B670-2B980C0D07C8}.Release|x86.ActiveCfg = Release|x86
		{F5AD7C06-0076-4F2B-B670-2B980C0D07C8}.Release|x86.Build.0 = Release|x86
		{F5AD7C06-0076-4F2B-B670-2B980C0D07C8}.SingleImage|Any CPU.ActiveCfg = Release|x86
		{F5AD7C06-0076-4F2B-B670-2B980C0D07C8}.SingleImage|Mixed Platforms.ActiveCfg = Release|x86
		{F5AD7C06-0076-4F2B-B670-2B980C0D07C8}.SingleImage|Mixed Platforms.Build.0 = Release|x86
		{F5AD7C06-0076-4F2B-B670-2B980C0D07C8}.SingleImage|Win32.ActiveCfg = Debug|x86
		{F5AD7C06-0076-4F2B-B670-2B980C0D07C8}.SingleImage|Win32.Build.0 = Debug|x86
		{F5AD7C06-0076-4F2B-B670-2B980C0D07C8}.SingleImage|x86.ActiveCfg = Release|x86
		{F5AD7C06-0076-4F2B-B670-2B980C0D07C8}.SingleImage|x86.Build.0 = Release|x86
		{F6746C2E-A2F4-44B3-8569-71D134F35720}.CD_ROM|Any CPU.ActiveCfg = Release|Any CPU
		{F6746C2E-A2F4-44B3-8569-71D134F35720}.CD_ROM|Any CPU.Build.0 = Release|Any CPU
		{F6746C2E-A2F4-44B3-8569-71D134F35720}.CD_ROM|Mixed Platforms.ActiveCfg = Release|Any CPU
		{F6746C2E-A2F4-44B3-8569-71D134F35720}.CD_ROM|Mixed Platforms.Build.0 = Release|Any CPU
		{F6746C2E-A2F4-44B3-8569-71D134F35720}.CD_ROM|Win32.ActiveCfg = Debug|Any CPU
		{F6746C2E-A2F4-44B3-8569-71D134F35720}.CD_ROM|x86.ActiveCfg = Release|Any CPU
		{F6746C2E-A2F4-44B3-8569-71D134F35720}.Debug|Any CPU.ActiveCfg = Debug|Any CPU
		{F6746C2E-A2F4-44B3-8569-71D134F35720}.Debug|Any CPU.Build.0 = Debug|Any CPU
		{F6746C2E-A2F4-44B3-8569-71D134F35720}.Debug|Mixed Platforms.ActiveCfg = Debug|Any CPU
		{F6746C2E-A2F4-44B3-8569-71D134F35720}.Debug|Mixed Platforms.Build.0 = Debug|Any CPU
		{F6746C2E-A2F4-44B3-8569-71D134F35720}.Debug|Win32.ActiveCfg = Debug|Any CPU
		{F6746C2E-A2F4-44B3-8569-71D134F35720}.Debug|x86.ActiveCfg = Debug|Any CPU
		{F6746C2E-A2F4-44B3-8569-71D134F35720}.DVD-5|Any CPU.ActiveCfg = Debug|Any CPU
		{F6746C2E-A2F4-44B3-8569-71D134F35720}.DVD-5|Any CPU.Build.0 = Debug|Any CPU
		{F6746C2E-A2F4-44B3-8569-71D134F35720}.DVD-5|Mixed Platforms.ActiveCfg = Debug|Any CPU
		{F6746C2E-A2F4-44B3-8569-71D134F35720}.DVD-5|Mixed Platforms.Build.0 = Debug|Any CPU
		{F6746C2E-A2F4-44B3-8569-71D134F35720}.DVD-5|Win32.ActiveCfg = Debug|Any CPU
		{F6746C2E-A2F4-44B3-8569-71D134F35720}.DVD-5|x86.ActiveCfg = Debug|Any CPU
		{F6746C2E-A2F4-44B3-8569-71D134F35720}.Release|Any CPU.ActiveCfg = Release|Any CPU
		{F6746C2E-A2F4-44B3-8569-71D134F35720}.Release|Any CPU.Build.0 = Release|Any CPU
		{F6746C2E-A2F4-44B3-8569-71D134F35720}.Release|Mixed Platforms.ActiveCfg = Release|Any CPU
		{F6746C2E-A2F4-44B3-8569-71D134F35720}.Release|Mixed Platforms.Build.0 = Release|Any CPU
		{F6746C2E-A2F4-44B3-8569-71D134F35720}.Release|Win32.ActiveCfg = Release|Any CPU
		{F6746C2E-A2F4-44B3-8569-71D134F35720}.Release|x86.ActiveCfg = Release|Any CPU
		{F6746C2E-A2F4-44B3-8569-71D134F35720}.SingleImage|Any CPU.ActiveCfg = Release|Any CPU
		{F6746C2E-A2F4-44B3-8569-71D134F35720}.SingleImage|Any CPU.Build.0 = Release|Any CPU
		{F6746C2E-A2F4-44B3-8569-71D134F35720}.SingleImage|Mixed Platforms.ActiveCfg = Release|Any CPU
		{F6746C2E-A2F4-44B3-8569-71D134F35720}.SingleImage|Mixed Platforms.Build.0 = Release|Any CPU
		{F6746C2E-A2F4-44B3-8569-71D134F35720}.SingleImage|Win32.ActiveCfg = Debug|Any CPU
		{F6746C2E-A2F4-44B3-8569-71D134F35720}.SingleImage|x86.ActiveCfg = Release|Any CPU
		{E39452EA-7D1B-40E3-B0FF-F028A42FC308}.CD_ROM|Any CPU.ActiveCfg = Release|x86
		{E39452EA-7D1B-40E3-B0FF-F028A42FC308}.CD_ROM|Mixed Platforms.ActiveCfg = Release|x86
		{E39452EA-7D1B-40E3-B0FF-F028A42FC308}.CD_ROM|Mixed Platforms.Build.0 = Release|x86
		{E39452EA-7D1B-40E3-B0FF-F028A42FC308}.CD_ROM|Win32.ActiveCfg = Debug|x86
		{E39452EA-7D1B-40E3-B0FF-F028A42FC308}.CD_ROM|Win32.Build.0 = Debug|x86
		{E39452EA-7D1B-40E3-B0FF-F028A42FC308}.CD_ROM|x86.ActiveCfg = Release|x86
		{E39452EA-7D1B-40E3-B0FF-F028A42FC308}.CD_ROM|x86.Build.0 = Release|x86
		{E39452EA-7D1B-40E3-B0FF-F028A42FC308}.Debug|Any CPU.ActiveCfg = Debug|x86
		{E39452EA-7D1B-40E3-B0FF-F028A42FC308}.Debug|Mixed Platforms.ActiveCfg = Debug|x86
		{E39452EA-7D1B-40E3-B0FF-F028A42FC308}.Debug|Mixed Platforms.Build.0 = Debug|x86
		{E39452EA-7D1B-40E3-B0FF-F028A42FC308}.Debug|Win32.ActiveCfg = Debug|x86
		{E39452EA-7D1B-40E3-B0FF-F028A42FC308}.Debug|Win32.Build.0 = Debug|x86
		{E39452EA-7D1B-40E3-B0FF-F028A42FC308}.Debug|x86.ActiveCfg = Debug|x86
		{E39452EA-7D1B-40E3-B0FF-F028A42FC308}.Debug|x86.Build.0 = Debug|x86
		{E39452EA-7D1B-40E3-B0FF-F028A42FC308}.DVD-5|Any CPU.ActiveCfg = Debug|x86
		{E39452EA-7D1B-40E3-B0FF-F028A42FC308}.DVD-5|Mixed Platforms.ActiveCfg = Debug|x86
		{E39452EA-7D1B-40E3-B0FF-F028A42FC308}.DVD-5|Mixed Platforms.Build.0 = Debug|x86
		{E39452EA-7D1B-40E3-B0FF-F028A42FC308}.DVD-5|Win32.ActiveCfg = Debug|x86
		{E39452EA-7D1B-40E3-B0FF-F028A42FC308}.DVD-5|Win32.Build.0 = Debug|x86
		{E39452EA-7D1B-40E3-B0FF-F028A42FC308}.DVD-5|x86.ActiveCfg = Debug|x86
		{E39452EA-7D1B-40E3-B0FF-F028A42FC308}.DVD-5|x86.Build.0 = Debug|x86
		{E39452EA-7D1B-40E3-B0FF-F028A42FC308}.Release|Any CPU.ActiveCfg = Release|x86
		{E39452EA-7D1B-40E3-B0FF-F028A42FC308}.Release|Mixed Platforms.ActiveCfg = Release|x86
		{E39452EA-7D1B-40E3-B0FF-F028A42FC308}.Release|Mixed Platforms.Build.0 = Release|x86
		{E39452EA-7D1B-40E3-B0FF-F028A42FC308}.Release|Win32.ActiveCfg = Release|x86
		{E39452EA-7D1B-40E3-B0FF-F028A42FC308}.Release|Win32.Build.0 = Release|x86
		{E39452EA-7D1B-40E3-B0FF-F028A42FC308}.Release|x86.ActiveCfg = Release|x86
		{E39452EA-7D1B-40E3-B0FF-F028A42FC308}.Release|x86.Build.0 = Release|x86
		{E39452EA-7D1B-40E3-B0FF-F028A42FC308}.SingleImage|Any CPU.ActiveCfg = Release|x86
		{E39452EA-7D1B-40E3-B0FF-F028A42FC308}.SingleImage|Mixed Platforms.ActiveCfg = Release|x86
		{E39452EA-7D1B-40E3-B0FF-F028A42FC308}.SingleImage|Mixed Platforms.Build.0 = Release|x86
		{E39452EA-7D1B-40E3-B0FF-F028A42FC308}.SingleImage|Win32.ActiveCfg = Debug|x86
		{E39452EA-7D1B-40E3-B0FF-F028A42FC308}.SingleImage|Win32.Build.0 = Debug|x86
		{E39452EA-7D1B-40E3-B0FF-F028A42FC308}.SingleImage|x86.ActiveCfg = Release|x86
		{E39452EA-7D1B-40E3-B0FF-F028A42FC308}.SingleImage|x86.Build.0 = Release|x86
		{5E77D7CD-AD48-42E1-931A-2619EB4A10AF}.CD_ROM|Any CPU.ActiveCfg = Release|Any CPU
		{5E77D7CD-AD48-42E1-931A-2619EB4A10AF}.CD_ROM|Any CPU.Build.0 = Release|Any CPU
		{5E77D7CD-AD48-42E1-931A-2619EB4A10AF}.CD_ROM|Mixed Platforms.ActiveCfg = Release|Any CPU
		{5E77D7CD-AD48-42E1-931A-2619EB4A10AF}.CD_ROM|Mixed Platforms.Build.0 = Release|Any CPU
		{5E77D7CD-AD48-42E1-931A-2619EB4A10AF}.CD_ROM|Win32.ActiveCfg = Debug|Any CPU
		{5E77D7CD-AD48-42E1-931A-2619EB4A10AF}.CD_ROM|x86.ActiveCfg = Release|Any CPU
		{5E77D7CD-AD48-42E1-931A-2619EB4A10AF}.Debug|Any CPU.ActiveCfg = Debug|Any CPU
		{5E77D7CD-AD48-42E1-931A-2619EB4A10AF}.Debug|Any CPU.Build.0 = Debug|Any CPU
		{5E77D7CD-AD48-42E1-931A-2619EB4A10AF}.Debug|Mixed Platforms.ActiveCfg = Debug|Any CPU
		{5E77D7CD-AD48-42E1-931A-2619EB4A10AF}.Debug|Mixed Platforms.Build.0 = Debug|Any CPU
		{5E77D7CD-AD48-42E1-931A-2619EB4A10AF}.Debug|Win32.ActiveCfg = Debug|Any CPU
		{5E77D7CD-AD48-42E1-931A-2619EB4A10AF}.Debug|x86.ActiveCfg = Debug|Any CPU
		{5E77D7CD-AD48-42E1-931A-2619EB4A10AF}.DVD-5|Any CPU.ActiveCfg = Debug|Any CPU
		{5E77D7CD-AD48-42E1-931A-2619EB4A10AF}.DVD-5|Any CPU.Build.0 = Debug|Any CPU
		{5E77D7CD-AD48-42E1-931A-2619EB4A10AF}.DVD-5|Mixed Platforms.ActiveCfg = Debug|Any CPU
		{5E77D7CD-AD48-42E1-931A-2619EB4A10AF}.DVD-5|Mixed Platforms.Build.0 = Debug|Any CPU
		{5E77D7CD-AD48-42E1-931A-2619EB4A10AF}.DVD-5|Win32.ActiveCfg = Debug|Any CPU
		{5E77D7CD-AD48-42E1-931A-2619EB4A10AF}.DVD-5|x86.ActiveCfg = Debug|Any CPU
		{5E77D7CD-AD48-42E1-931A-2619EB4A10AF}.Release|Any CPU.ActiveCfg = Release|Any CPU
		{5E77D7CD-AD48-42E1-931A-2619EB4A10AF}.Release|Any CPU.Build.0 = Release|Any CPU
		{5E77D7CD-AD48-42E1-931A-2619EB4A10AF}.Release|Mixed Platforms.ActiveCfg = Release|Any CPU
		{5E77D7CD-AD48-42E1-931A-2619EB4A10AF}.Release|Mixed Platforms.Build.0 = Release|Any CPU
		{5E77D7CD-AD48-42E1-931A-2619EB4A10AF}.Release|Win32.ActiveCfg = Release|Any CPU
		{5E77D7CD-AD48-42E1-931A-2619EB4A10AF}.Release|x86.ActiveCfg = Release|Any CPU
		{5E77D7CD-AD48-42E1-931A-2619EB4A10AF}.SingleImage|Any CPU.ActiveCfg = Release|Any CPU
		{5E77D7CD-AD48-42E1-931A-2619EB4A10AF}.SingleImage|Any CPU.Build.0 = Release|Any CPU
		{5E77D7CD-AD48-42E1-931A-2619EB4A10AF}.SingleImage|Mixed Platforms.ActiveCfg = Release|Any CPU
		{5E77D7CD-AD48-42E1-931A-2619EB4A10AF}.SingleImage|Mixed Platforms.Build.0 = Release|Any CPU
		{5E77D7CD-AD48-42E1-931A-2619EB4A10AF}.SingleImage|Win32.ActiveCfg = Debug|Any CPU
		{5E77D7CD-AD48-42E1-931A-2619EB4A10AF}.SingleImage|x86.ActiveCfg = Release|Any CPU
		{5940F649-54E4-4CF1-9C05-9DAB25A9D007}.CD_ROM|Any CPU.ActiveCfg = Release
		{5940F649-54E4-4CF1-9C05-9DAB25A9D007}.CD_ROM|Mixed Platforms.ActiveCfg = Release
		{5940F649-54E4-4CF1-9C05-9DAB25A9D007}.CD_ROM|Win32.ActiveCfg = Release
		{5940F649-54E4-4CF1-9C05-9DAB25A9D007}.CD_ROM|x86.ActiveCfg = Release
		{5940F649-54E4-4CF1-9C05-9DAB25A9D007}.Debug|Any CPU.ActiveCfg = Debug
		{5940F649-54E4-4CF1-9C05-9DAB25A9D007}.Debug|Mixed Platforms.ActiveCfg = Debug
		{5940F649-54E4-4CF1-9C05-9DAB25A9D007}.Debug|Win32.ActiveCfg = Debug
		{5940F649-54E4-4CF1-9C05-9DAB25A9D007}.Debug|x86.ActiveCfg = Debug
		{5940F649-54E4-4CF1-9C05-9DAB25A9D007}.DVD-5|Any CPU.ActiveCfg = Debug
		{5940F649-54E4-4CF1-9C05-9DAB25A9D007}.DVD-5|Mixed Platforms.ActiveCfg = Debug
		{5940F649-54E4-4CF1-9C05-9DAB25A9D007}.DVD-5|Win32.ActiveCfg = Debug
		{5940F649-54E4-4CF1-9C05-9DAB25A9D007}.DVD-5|x86.ActiveCfg = Debug
		{5940F649-54E4-4CF1-9C05-9DAB25A9D007}.Release|Any CPU.ActiveCfg = Release
		{5940F649-54E4-4CF1-9C05-9DAB25A9D007}.Release|Mixed Platforms.ActiveCfg = Release
		{5940F649-54E4-4CF1-9C05-9DAB25A9D007}.Release|Win32.ActiveCfg = Release
		{5940F649-54E4-4CF1-9C05-9DAB25A9D007}.Release|x86.ActiveCfg = Release
		{5940F649-54E4-4CF1-9C05-9DAB25A9D007}.SingleImage|Any CPU.ActiveCfg = Release
		{5940F649-54E4-4CF1-9C05-9DAB25A9D007}.SingleImage|Mixed Platforms.ActiveCfg = Release
		{5940F649-54E4-4CF1-9C05-9DAB25A9D007}.SingleImage|Win32.ActiveCfg = Release
		{5940F649-54E4-4CF1-9C05-9DAB25A9D007}.SingleImage|x86.ActiveCfg = Release
		{D39C4BE9-339B-4D78-BCF7-2F9646AC1AF1}.CD_ROM|Any CPU.ActiveCfg = Release|Any CPU
		{D39C4BE9-339B-4D78-BCF7-2F9646AC1AF1}.CD_ROM|Any CPU.Build.0 = Release|Any CPU
		{D39C4BE9-339B-4D78-BCF7-2F9646AC1AF1}.CD_ROM|Mixed Platforms.ActiveCfg = Release|Any CPU
		{D39C4BE9-339B-4D78-BCF7-2F9646AC1AF1}.CD_ROM|Mixed Platforms.Build.0 = Release|Any CPU
		{D39C4BE9-339B-4D78-BCF7-2F9646AC1AF1}.CD_ROM|Win32.ActiveCfg = Release|Any CPU
		{D39C4BE9-339B-4D78-BCF7-2F9646AC1AF1}.CD_ROM|Win32.Build.0 = Release|Any CPU
		{D39C4BE9-339B-4D78-BCF7-2F9646AC1AF1}.CD_ROM|x86.ActiveCfg = Release|Any CPU
		{D39C4BE9-339B-4D78-BCF7-2F9646AC1AF1}.CD_ROM|x86.Build.0 = Release|Any CPU
		{D39C4BE9-339B-4D78-BCF7-2F9646AC1AF1}.Debug|Any CPU.ActiveCfg = Debug|Any CPU
		{D39C4BE9-339B-4D78-BCF7-2F9646AC1AF1}.Debug|Any CPU.Build.0 = Debug|Any CPU
		{D39C4BE9-339B-4D78-BCF7-2F9646AC1AF1}.Debug|Mixed Platforms.ActiveCfg = Debug|Any CPU
		{D39C4BE9-339B-4D78-BCF7-2F9646AC1AF1}.Debug|Mixed Platforms.Build.0 = Debug|Any CPU
		{D39C4BE9-339B-4D78-BCF7-2F9646AC1AF1}.Debug|Win32.ActiveCfg = Debug|Any CPU
		{D39C4BE9-339B-4D78-BCF7-2F9646AC1AF1}.Debug|Win32.Build.0 = Debug|Any CPU
		{D39C4BE9-339B-4D78-BCF7-2F9646AC1AF1}.Debug|x86.ActiveCfg = Debug|Any CPU
		{D39C4BE9-339B-4D78-BCF7-2F9646AC1AF1}.Debug|x86.Build.0 = Debug|Any CPU
		{D39C4BE9-339B-4D78-BCF7-2F9646AC1AF1}.DVD-5|Any CPU.ActiveCfg = Debug|Any CPU
		{D39C4BE9-339B-4D78-BCF7-2F9646AC1AF1}.DVD-5|Any CPU.Build.0 = Debug|Any CPU
		{D39C4BE9-339B-4D78-BCF7-2F9646AC1AF1}.DVD-5|Mixed Platforms.ActiveCfg = Debug|Any CPU
		{D39C4BE9-339B-4D78-BCF7-2F9646AC1AF1}.DVD-5|Mixed Platforms.Build.0 = Debug|Any CPU
		{D39C4BE9-339B-4D78-BCF7-2F9646AC1AF1}.DVD-5|Win32.ActiveCfg = Debug|Any CPU
		{D39C4BE9-339B-4D78-BCF7-2F9646AC1AF1}.DVD-5|Win32.Build.0 = Debug|Any CPU
		{D39C4BE9-339B-4D78-BCF7-2F9646AC1AF1}.DVD-5|x86.ActiveCfg = Debug|Any CPU
		{D39C4BE9-339B-4D78-BCF7-2F9646AC1AF1}.DVD-5|x86.Build.0 = Debug|Any CPU
		{D39C4BE9-339B-4D78-BCF7-2F9646AC1AF1}.Release|Any CPU.ActiveCfg = Release|Any CPU
		{D39C4BE9-339B-4D78-BCF7-2F9646AC1AF1}.Release|Any CPU.Build.0 = Release|Any CPU
		{D39C4BE9-339B-4D78-BCF7-2F9646AC1AF1}.Release|Mixed Platforms.ActiveCfg = Release|Any CPU
		{D39C4BE9-339B-4D78-BCF7-2F9646AC1AF1}.Release|Mixed Platforms.Build.0 = Release|Any CPU
		{D39C4BE9-339B-4D78-BCF7-2F9646AC1AF1}.Release|Win32.ActiveCfg = Release|Any CPU
		{D39C4BE9-339B-4D78-BCF7-2F9646AC1AF1}.Release|Win32.Build.0 = Release|Any CPU
		{D39C4BE9-339B-4D78-BCF7-2F9646AC1AF1}.Release|x86.ActiveCfg = Release|Any CPU
		{D39C4BE9-339B-4D78-BCF7-2F9646AC1AF1}.Release|x86.Build.0 = Release|Any CPU
		{D39C4BE9-339B-4D78-BCF7-2F9646AC1AF1}.SingleImage|Any CPU.ActiveCfg = Release|Any CPU
		{D39C4BE9-339B-4D78-BCF7-2F9646AC1AF1}.SingleImage|Any CPU.Build.0 = Release|Any CPU
		{D39C4BE9-339B-4D78-BCF7-2F9646AC1AF1}.SingleImage|Mixed Platforms.ActiveCfg = Release|Any CPU
		{D39C4BE9-339B-4D78-BCF7-2F9646AC1AF1}.SingleImage|Mixed Platforms.Build.0 = Release|Any CPU
		{D39C4BE9-339B-4D78-BCF7-2F9646AC1AF1}.SingleImage|Win32.ActiveCfg = Release|Any CPU
		{D39C4BE9-339B-4D78-BCF7-2F9646AC1AF1}.SingleImage|Win32.Build.0 = Release|Any CPU
		{D39C4BE9-339B-4D78-BCF7-2F9646AC1AF1}.SingleImage|x86.ActiveCfg = Release|Any CPU
		{D39C4BE9-339B-4D78-BCF7-2F9646AC1AF1}.SingleImage|x86.Build.0 = Release|Any CPU
		{E9E5ECD4-1B57-4084-923B-1A1F5F7FB181}.CD_ROM|Any CPU.ActiveCfg = Release|Any CPU
		{E9E5ECD4-1B57-4084-923B-1A1F5F7FB181}.CD_ROM|Any CPU.Build.0 = Release|Any CPU
		{E9E5ECD4-1B57-4084-923B-1A1F5F7FB181}.CD_ROM|Mixed Platforms.ActiveCfg = Release|Any CPU
		{E9E5ECD4-1B57-4084-923B-1A1F5F7FB181}.CD_ROM|Mixed Platforms.Build.0 = Release|Any CPU
		{E9E5ECD4-1B57-4084-923B-1A1F5F7FB181}.CD_ROM|Win32.ActiveCfg = Release|Any CPU
		{E9E5ECD4-1B57-4084-923B-1A1F5F7FB181}.CD_ROM|Win32.Build.0 = Release|Any CPU
		{E9E5ECD4-1B57-4084-923B-1A1F5F7FB181}.CD_ROM|x86.ActiveCfg = Release|Any CPU
		{E9E5ECD4-1B57-4084-923B-1A1F5F7FB181}.CD_ROM|x86.Build.0 = Release|Any CPU
		{E9E5ECD4-1B57-4084-923B-1A1F5F7FB181}.Debug|Any CPU.ActiveCfg = Debug|Any CPU
		{E9E5ECD4-1B57-4084-923B-1A1F5F7FB181}.Debug|Any CPU.Build.0 = Debug|Any CPU
		{E9E5ECD4-1B57-4084-923B-1A1F5F7FB181}.Debug|Mixed Platforms.ActiveCfg = Debug|Any CPU
		{E9E5ECD4-1B57-4084-923B-1A1F5F7FB181}.Debug|Mixed Platforms.Build.0 = Debug|Any CPU
		{E9E5ECD4-1B57-4084-923B-1A1F5F7FB181}.Debug|Win32.ActiveCfg = Debug|Any CPU
		{E9E5ECD4-1B57-4084-923B-1A1F5F7FB181}.Debug|Win32.Build.0 = Debug|Any CPU
		{E9E5ECD4-1B57-4084-923B-1A1F5F7FB181}.Debug|x86.ActiveCfg = Debug|Any CPU
		{E9E5ECD4-1B57-4084-923B-1A1F5F7FB181}.Debug|x86.Build.0 = Debug|Any CPU
		{E9E5ECD4-1B57-4084-923B-1A1F5F7FB181}.DVD-5|Any CPU.ActiveCfg = Debug|Any CPU
		{E9E5ECD4-1B57-4084-923B-1A1F5F7FB181}.DVD-5|Any CPU.Build.0 = Debug|Any CPU
		{E9E5ECD4-1B57-4084-923B-1A1F5F7FB181}.DVD-5|Mixed Platforms.ActiveCfg = Debug|Any CPU
		{E9E5ECD4-1B57-4084-923B-1A1F5F7FB181}.DVD-5|Mixed Platforms.Build.0 = Debug|Any CPU
		{E9E5ECD4-1B57-4084-923B-1A1F5F7FB181}.DVD-5|Win32.ActiveCfg = Debug|Any CPU
		{E9E5ECD4-1B57-4084-923B-1A1F5F7FB181}.DVD-5|Win32.Build.0 = Debug|Any CPU
		{E9E5ECD4-1B57-4084-923B-1A1F5F7FB181}.DVD-5|x86.ActiveCfg = Debug|Any CPU
		{E9E5ECD4-1B57-4084-923B-1A1F5F7FB181}.DVD-5|x86.Build.0 = Debug|Any CPU
		{E9E5ECD4-1B57-4084-923B-1A1F5F7FB181}.Release|Any CPU.ActiveCfg = Release|Any CPU
		{E9E5ECD4-1B57-4084-923B-1A1F5F7FB181}.Release|Any CPU.Build.0 = Release|Any CPU
		{E9E5ECD4-1B57-4084-923B-1A1F5F7FB181}.Release|Mixed Platforms.ActiveCfg = Release|Any CPU
		{E9E5ECD4-1B57-4084-923B-1A1F5F7FB181}.Release|Mixed Platforms.Build.0 = Release|Any CPU
		{E9E5ECD4-1B57-4084-923B-1A1F5F7FB181}.Release|Win32.ActiveCfg = Release|Any CPU
		{E9E5ECD4-1B57-4084-923B-1A1F5F7FB181}.Release|Win32.Build.0 = Release|Any CPU
		{E9E5ECD4-1B57-4084-923B-1A1F5F7FB181}.Release|x86.ActiveCfg = Release|Any CPU
		{E9E5ECD4-1B57-4084-923B-1A1F5F7FB181}.Release|x86.Build.0 = Release|Any CPU
		{E9E5ECD4-1B57-4084-923B-1A1F5F7FB181}.SingleImage|Any CPU.ActiveCfg = Release|Any CPU
		{E9E5ECD4-1B57-4084-923B-1A1F5F7FB181}.SingleImage|Any CPU.Build.0 = Release|Any CPU
		{E9E5ECD4-1B57-4084-923B-1A1F5F7FB181}.SingleImage|Mixed Platforms.ActiveCfg = Release|Any CPU
		{E9E5ECD4-1B57-4084-923B-1A1F5F7FB181}.SingleImage|Mixed Platforms.Build.0 = Release|Any CPU
		{E9E5ECD4-1B57-4084-923B-1A1F5F7FB181}.SingleImage|Win32.ActiveCfg = Release|Any CPU
		{E9E5ECD4-1B57-4084-923B-1A1F5F7FB181}.SingleImage|Win32.Build.0 = Release|Any CPU
		{E9E5ECD4-1B57-4084-923B-1A1F5F7FB181}.SingleImage|x86.ActiveCfg = Release|Any CPU
		{E9E5ECD4-1B57-4084-923B-1A1F5F7FB181}.SingleImage|x86.Build.0 = Release|Any CPU
	EndGlobalSection
	GlobalSection(SolutionProperties) = preSolution
		HideSolutionNode = FALSE
	EndGlobalSection
EndGlobal
